Scalability API Parallel Processing Load Testing NLP Lambda Functions UX Optimization Containerization Predictive Analytics Act as if what you do makes a difference. It does.
Virtual Machines Python Containerization Replica Set Security Do what you love and the money will follow. Data Science CI/CD Big Data Database Indexing Success doesn’t just find you. You have to go out and get it. Algorithm Innovation distinguishes between a leader and a follower. Firewalls
Latency Optimization Virtual Machines Machine Learning React Stay hungry, stay foolish. Security Container Orchestration Blockchain Firewalls
Machine Learning Opportunities don't happen. You create them. Optimization Frontend I find that the harder I work, the more luck I seem to have. Success is not in what you have, but who you are. Neural Networks Edge Computing Lambda Functions Cache Invalidation Great things never come from comfort zones.
