Scalability API Parallel Processing Load Testing NLP Lambda Functions UX Optimization Containerization Predictive Analytics Act as if what you do makes a difference. It does.
Virtual Machines Python Containerization Replica Set Security Do what you love and the money will follow. Data Science CI/CD Big Data Database Indexing Success doesn’t just find you. You have to go out and get it. Algorithm Innovation distinguishes between a leader and a follower. Firewalls
